
Microsoft Visual Studio Solution File, Format Version 12.00
# Visual Studio Version 17
VisualStudioVersion = 17.1.32319.34
MinimumVisualStudioVersion = 10.0.40219.1
Project("{9A19103F-16F7-4668-BE54-9A1E7A4F7556}") = "APICarData.Api", "APICarData.Api.csproj", "{9BA5644B-285D-4C7E-8A24-877C9136CA40}"
EndProject
Project("{9A19103F-16F7-4668-BE54-9A1E7A4F7556}") = "APICarData.Dal", "..\APICarData.Dal\APICarData.Dal.csproj", "{260F562F-C3F1-46BF-B6C0-D4E1B8AB02C3}"
EndProject
Project("{9A19103F-16F7-4668-BE54-9A1E7A4F7556}") = "APICarData.Services", "..\APICarData.Services\APICarData.Services.csproj", "{F404F73A-E99D-441D-BC78-CC2C0A4E5EEA}"
EndProject
Project("{9A19103F-16F7-4668-BE54-9A1E7A4F7556}") = "APICarData.Domain", "..\APICarData.Domain\APICarData.Domain.csproj", "{DD5DA6DC-671C-4DCA-83C9-07CCCA87786B}"
EndProject
Global
	GlobalSection(SolutionConfigurationPlatforms) = preSolution
		Debug|Any CPU = Debug|Any CPU
		Release|Any CPU = Release|Any CPU
	EndGlobalSection
	GlobalSection(ProjectConfigurationPlatforms) = postSolution
		{9BA5644B-285D-4C7E-8A24-877C9136CA40}.Debug|Any CPU.ActiveCfg = Debug|Any CPU
		{9BA5644B-285D-4C7E-8A24-877C9136CA40}.Debug|Any CPU.Build.0 = Debug|Any CPU
		{9BA5644B-285D-4C7E-8A24-877C9136CA40}.Release|Any CPU.ActiveCfg = Release|Any CPU
		{9BA5644B-285D-4C7E-8A24-877C9136CA40}.Release|Any CPU.Build.0 = Release|Any CPU
		{260F562F-C3F1-46BF-B6C0-D4E1B8AB02C3}.Debug|Any CPU.ActiveCfg = Debug|Any CPU
		{260F562F-C3F1-46BF-B6C0-D4E1B8AB02C3}.Debug|Any CPU.Build.0 = Debug|Any CPU
		{260F562F-C3F1-46BF-B6C0-D4E1B8AB02C3}.Release|Any CPU.ActiveCfg = Release|Any CPU
		{260F562F-C3F1-46BF-B6C0-D4E1B8AB02C3}.Release|Any CPU.Build.0 = Release|Any CPU
		{F404F73A-E99D-441D-BC78-CC2C0A4E5EEA}.Debug|Any CPU.ActiveCfg = Debug|Any CPU
		{F404F73A-E99D-441D-BC78-CC2C0A4E5EEA}.Debug|Any CPU.Build.0 = Debug|Any CPU
		{F404F73A-E99D-441D-BC78-CC2C0A4E5EEA}.Release|Any CPU.ActiveCfg = Release|Any CPU
		{F404F73A-E99D-441D-BC78-CC2C0A4E5EEA}.Release|Any CPU.Build.0 = Release|Any CPU
		{DD5DA6DC-671C-4DCA-83C9-07CCCA87786B}.Debug|Any CPU.ActiveCfg = Debug|Any CPU
		{DD5DA6DC-671C-4DCA-83C9-07CCCA87786B}.Debug|Any CPU.Build.0 = Debug|Any CPU
		{DD5DA6DC-671C-4DCA-83C9-07CCCA87786B}.Release|Any CPU.ActiveCfg = Release|Any CPU
		{DD5DA6DC-671C-4DCA-83C9-07CCCA87786B}.Release|Any CPU.Build.0 = Release|Any CPU
	EndGlobalSection
	GlobalSection(SolutionProperties) = preSolution
		HideSolutionNode = FALSE
	EndGlobalSection
	GlobalSection(ExtensibilityGlobals) = postSolution
		SolutionGuid = {C3D2C83A-EDDC-452A-A94F-281F0B466CEA}
	EndGlobalSection
EndGlobal
