
Microsoft Visual Studio Solution File, Format Version 12.00
# Visual Studio Version 17
VisualStudioVersion = 17.1.32319.34
MinimumVisualStudioVersion = 10.0.40219.1
Project("{9A19103F-16F7-4668-BE54-9A1E7A4F7556}") = "WebAPI", "WebAPI.csproj", "{9BA5644B-285D-4C7E-8A24-877C9136CA40}"
EndProject
Project("{FAE04EC0-301F-11D3-BF4B-00C04F79EFBC}") = "DataAccessLayer", "..\DataAccessLayer\DataAccessLayer.csproj", "{E8E3FDE3-E4DF-47C3-ADBF-7CD13C05A9E1}"
EndProject
Project("{FAE04EC0-301F-11D3-BF4B-00C04F79EFBC}") = "BusinessLogicLayer", "..\BusinessLogicLayer\BusinessLogicLayer.csproj", "{EBC24422-C670-45CD-ADE8-012119B3FD80}"
EndProject
Global
	GlobalSection(SolutionConfigurationPlatforms) = preSolution
		Debug|Any CPU = Debug|Any CPU
		Release|Any CPU = Release|Any CPU
	EndGlobalSection
	GlobalSection(ProjectConfigurationPlatforms) = postSolution
		{9BA5644B-285D-4C7E-8A24-877C9136CA40}.Debug|Any CPU.ActiveCfg = Debug|Any CPU
		{9BA5644B-285D-4C7E-8A24-877C9136CA40}.Debug|Any CPU.Build.0 = Debug|Any CPU
		{9BA5644B-285D-4C7E-8A24-877C9136CA40}.Release|Any CPU.ActiveCfg = Release|Any CPU
		{9BA5644B-285D-4C7E-8A24-877C9136CA40}.Release|Any CPU.Build.0 = Release|Any CPU
		{E8E3FDE3-E4DF-47C3-ADBF-7CD13C05A9E1}.Debug|Any CPU.ActiveCfg = Debug|Any CPU
		{E8E3FDE3-E4DF-47C3-ADBF-7CD13C05A9E1}.Debug|Any CPU.Build.0 = Debug|Any CPU
		{E8E3FDE3-E4DF-47C3-ADBF-7CD13C05A9E1}.Release|Any CPU.ActiveCfg = Release|Any CPU
		{E8E3FDE3-E4DF-47C3-ADBF-7CD13C05A9E1}.Release|Any CPU.Build.0 = Release|Any CPU
		{EBC24422-C670-45CD-ADE8-012119B3FD80}.Debug|Any CPU.ActiveCfg = Debug|Any CPU
		{EBC24422-C670-45CD-ADE8-012119B3FD80}.Debug|Any CPU.Build.0 = Debug|Any CPU
		{EBC24422-C670-45CD-ADE8-012119B3FD80}.Release|Any CPU.ActiveCfg = Release|Any CPU
		{EBC24422-C670-45CD-ADE8-012119B3FD80}.Release|Any CPU.Build.0 = Release|Any CPU
	EndGlobalSection
	GlobalSection(SolutionProperties) = preSolution
		HideSolutionNode = FALSE
	EndGlobalSection
	GlobalSection(ExtensibilityGlobals) = postSolution
		SolutionGuid = {C3D2C83A-EDDC-452A-A94F-281F0B466CEA}
	EndGlobalSection
EndGlobal
